
Microsoft Visual Studio Solution File, Format Version 12.00
# Visual Studio 15
VisualStudioVersion = 15.0.28010.2050
MinimumVisualStudioVersion = 10.0.40219.1
Project("{FAE04EC0-301F-11D3-BF4B-00C04F79EFBC}") = "Xamarin.Droid.Utils", "Xamarin.Droid.Utils\Xamarin.Droid.Utils.csproj", "{86B412D1-080A-4AB9-8280-1C7E2DE4BBDA}"
EndProject
Project("{9A19103F-16F7-4668-BE54-9A1E7A4F7556}") = "Xamarin.Forms.Utils", "Xamarin.Forms.Utils\Xamarin.Forms.Utils.csproj", "{9FE95CAA-9A14-49E1-84F8-932D8CB29794}"
EndProject
Project("{9A19103F-16F7-4668-BE54-9A1E7A4F7556}") = "Azure.Server.Utils.Communication", "Azure.Server.Utils.Communication\Azure.Server.Utils.Communication.csproj", "{11D56A21-944F-4C5C-BEDD-F8248CD8C700}"
EndProject
Project("{FAE04EC0-301F-11D3-BF4B-00C04F79EFBC}") = "Azure.Server.Utils", "Azure.Server.Utils\Azure.Server.Utils.csproj", "{F7E4690B-124B-49AB-A14E-EC8FC8786C64}"
EndProject
Global
	GlobalSection(SolutionConfigurationPlatforms) = preSolution
		Debug|Any CPU = Debug|Any CPU
		Release|Any CPU = Release|Any CPU
	EndGlobalSection
	GlobalSection(ProjectConfigurationPlatforms) = postSolution
		{86B412D1-080A-4AB9-8280-1C7E2DE4BBDA}.Debug|Any CPU.ActiveCfg = Debug|Any CPU
		{86B412D1-080A-4AB9-8280-1C7E2DE4BBDA}.Debug|Any CPU.Build.0 = Debug|Any CPU
		{86B412D1-080A-4AB9-8280-1C7E2DE4BBDA}.Release|Any CPU.ActiveCfg = Release|Any CPU
		{86B412D1-080A-4AB9-8280-1C7E2DE4BBDA}.Release|Any CPU.Build.0 = Release|Any CPU
		{9FE95CAA-9A14-49E1-84F8-932D8CB29794}.Debug|Any CPU.ActiveCfg = Debug|Any CPU
		{9FE95CAA-9A14-49E1-84F8-932D8CB29794}.Debug|Any CPU.Build.0 = Debug|Any CPU
		{9FE95CAA-9A14-49E1-84F8-932D8CB29794}.Release|Any CPU.ActiveCfg = Release|Any CPU
		{9FE95CAA-9A14-49E1-84F8-932D8CB29794}.Release|Any CPU.Build.0 = Release|Any CPU
		{11D56A21-944F-4C5C-BEDD-F8248CD8C700}.Debug|Any CPU.ActiveCfg = Debug|Any CPU
		{11D56A21-944F-4C5C-BEDD-F8248CD8C700}.Debug|Any CPU.Build.0 = Debug|Any CPU
		{11D56A21-944F-4C5C-BEDD-F8248CD8C700}.Release|Any CPU.ActiveCfg = Release|Any CPU
		{11D56A21-944F-4C5C-BEDD-F8248CD8C700}.Release|Any CPU.Build.0 = Release|Any CPU
		{F7E4690B-124B-49AB-A14E-EC8FC8786C64}.Debug|Any CPU.ActiveCfg = Debug|Any CPU
		{F7E4690B-124B-49AB-A14E-EC8FC8786C64}.Debug|Any CPU.Build.0 = Debug|Any CPU
		{F7E4690B-124B-49AB-A14E-EC8FC8786C64}.Release|Any CPU.ActiveCfg = Release|Any CPU
		{F7E4690B-124B-49AB-A14E-EC8FC8786C64}.Release|Any CPU.Build.0 = Release|Any CPU
	EndGlobalSection
	GlobalSection(SolutionProperties) = preSolution
		HideSolutionNode = FALSE
	EndGlobalSection
	GlobalSection(ExtensibilityGlobals) = postSolution
		SolutionGuid = {EFF33357-E53E-41DE-BEF0-487B4A23EB17}
	EndGlobalSection
EndGlobal
